// !$*UTF8*$!
{
	archiveVersion = 1;
	classes = {
	};
	objectVersion = 50;
	objects = {

/* Begin PBXBuildFile section */
		3E046E0D24CCB36C00470158 /* TwoComponent.swift in Sources */ = {isa = PBXBuildFile; fileRef = 3E046E0C24CCB36C00470158 /* TwoComponent.swift */; };
		3E046E0F24CCB8DF00470158 /* CofficientBoard.swift in Sources */ = {isa = PBXBuildFile; fileRef = 3E046E0E24CCB8DF00470158 /* CofficientBoard.swift */; };
		3E046E1324CE182500470158 /* CofficientModel.swift in Sources */ = {isa = PBXBuildFile; fileRef = 3E046E1224CE182500470158 /* CofficientModel.swift */; };
		3E25C52224C6E203009F0B4F /* AppDelegate.swift in Sources */ = {isa = PBXBuildFile; fileRef = 3E25C52124C6E203009F0B4F /* AppDelegate.swift */; };
		3E25C52424C6E203009F0B4F /* SceneDelegate.swift in Sources */ = {isa = PBXBuildFile; fileRef = 3E25C52324C6E203009F0B4F /* SceneDelegate.swift */; };
		3E25C52624C6E203009F0B4F /* ViewController.swift in Sources */ = {isa = PBXBuildFile; fileRef = 3E25C52524C6E203009F0B4F /* ViewController.swift */; };
		3E25C52924C6E203009F0B4F /* Main.storyboard in Resources */ = {isa = PBXBuildFile; fileRef = 3E25C52724C6E203009F0B4F /* Main.storyboard */; };
		3E25C52B24C6E205009F0B4F /* Assets.xcassets in Resources */ = {isa = PBXBuildFile; fileRef = 3E25C52A24C6E205009F0B4F /* Assets.xcassets */; };
		3E25C52E24C6E205009F0B4F /* LaunchScreen.storyboard in Resources */ = {isa = PBXBuildFile; fileRef = 3E25C52C24C6E205009F0B4F /* LaunchScreen.storyboard */; };
		3E25C53624C6E82C009F0B4F /* OneComponentViewController.swift in Sources */ = {isa = PBXBuildFile; fileRef = 3E25C53524C6E82C009F0B4F /* OneComponentViewController.swift */; };
		3E3E77F724D9A5020013E318 /* ResultTwoComponent.swift in Sources */ = {isa = PBXBuildFile; fileRef = 3E3E77F624D9A5020013E318 /* ResultTwoComponent.swift */; };
/* End PBXBuildFile section */

/* Begin PBXFileReference section */
		3E046E0C24CCB36C00470158 /* TwoComponent.swift */ = {isa = PBXFileReference; lastKnownFileType = sourcecode.swift; path = TwoComponent.swift; sourceTree = "<group>"; };
		3E046E0E24CCB8DF00470158 /* CofficientBoard.swift */ = {isa = PBXFileReference; lastKnownFileType = sourcecode.swift; path = CofficientBoard.swift; sourceTree = "<group>"; };
		3E046E1224CE182500470158 /* CofficientModel.swift */ = {isa = PBXFileReference; lastKnownFileType = sourcecode.swift; path = CofficientModel.swift; sourceTree = "<group>"; };
		3E25C51E24C6E203009F0B4F /* Navazka2.app */ = {isa = PBXFileReference; explicitFileType = wrapper.application; includeInIndex = 0; path = Navazka2.app; sourceTree = BUILT_PRODUCTS_DIR; };
		3E25C52124C6E203009F0B4F /* AppDelegate.swift */ = {isa = PBXFileReference; lastKnownFileType = sourcecode.swift; path = AppDelegate.swift; sourceTree = "<group>"; };
		3E25C52324C6E203009F0B4F /* SceneDelegate.swift */ = {isa = PBXFileReference; lastKnownFileType = sourcecode.swift; path = SceneDelegate.swift; sourceTree = "<group>"; };
		3E25C52524C6E203009F0B4F /* ViewController.swift */ = {isa = PBXFileReference; lastKnownFileType = sourcecode.swift; path = ViewController.swift; sourceTree = "<group>"; };
		3E25C52824C6E203009F0B4F /* Base */ = {isa = PBXFileReference; lastKnownFileType = file.storyboard; name = Base; path = Base.lproj/Main.storyboard; sourceTree = "<group>"; };
		3E25C52A24C6E205009F0B4F /* Assets.xcassets */ = {isa = PBXFileReference; lastKnownFileType = folder.assetcatalog; path = Assets.xcassets; sourceTree = "<group>"; };
		3E25C52D24C6E205009F0B4F /* Base */ = {isa = PBXFileReference; lastKnownFileType = file.storyboard; name = Base; path = Base.lproj/LaunchScreen.storyboard; sourceTree = "<group>"; };
		3E25C52F24C6E205009F0B4F /* Info.plist */ = {isa = PBXFileReference; lastKnownFileType = text.plist.xml; path = Info.plist; sourceTree = "<group>"; };
		3E25C53524C6E82C009F0B4F /* OneComponentViewController.swift */ = {isa = PBXFileReference; lastKnownFileType = sourcecode.swift; path = OneComponentViewController.swift; sourceTree = "<group>"; };
		3E3E77F624D9A5020013E318 /* ResultTwoComponent.swift */ = {isa = PBXFileReference; lastKnownFileType = sourcecode.swift; path = ResultTwoComponent.swift; sourceTree = "<group>"; };
/* End PBXFileReference section */

/* Begin PBXFrameworksBuildPhase section */
		3E25C51B24C6E203009F0B4F /* Frameworks */ = {
			isa = PBXFrameworksBuildPhase;
			buildActionMask = 2147483647;
			files = (
			);
			runOnlyForDeploymentPostprocessing = 0;
		};
/* End PBXFrameworksBuildPhase section */

/* Begin PBXGroup section */
		3E25C51524C6E203009F0B4F = {
			isa = PBXGroup;
			children = (
				3E25C52024C6E203009F0B4F /* Navazka2 */,
				3E25C51F24C6E203009F0B4F /* Products */,
			);
			sourceTree = "<group>";
		};
		3E25C51F24C6E203009F0B4F /* Products */ = {
			isa = PBXGroup;
			children = (
				3E25C51E24C6E203009F0B4F /* Navazka2.app */,
			);
			name = Products;
			sourceTree = "<group>";
		};
		3E25C52024C6E203009F0B4F /* Navazka2 */ = {
			isa = PBXGroup;
			children = (
				3E25C52124C6E203009F0B4F /* AppDelegate.swift */,
				3E25C52324C6E203009F0B4F /* SceneDelegate.swift */,
				3E25C52524C6E203009F0B4F /* ViewController.swift */,
				3E25C52724C6E203009F0B4F /* Main.storyboard */,
				3E25C53524C6E82C009F0B4F /* OneComponentViewController.swift */,
				3E046E0C24CCB36C00470158 /* TwoComponent.swift */,
				3E046E0E24CCB8DF00470158 /* CofficientBoard.swift */,
				3E046E1224CE182500470158 /* CofficientModel.swift */,
				3E3E77F624D9A5020013E318 /* ResultTwoComponent.swift */,
				3E25C52A24C6E205009F0B4F /* Assets.xcassets */,
				3E25C52C24C6E205009F0B4F /* LaunchScreen.storyboard */,
				3E25C52F24C6E205009F0B4F /* Info.plist */,
			);
			path = Navazka2;
			sourceTree = "<group>";
		};
/* End PBXGroup section */

/* Begin PBXNativeTarget section */
		3E25C51D24C6E203009F0B4F /* Navazka2 */ = {
			isa = PBXNativeTarget;
			buildConfigurationList = 3E25C53224C6E205009F0B4F /* Build configuration list for PBXNativeTarget "Navazka2" */;
			buildPhases = (
				3E25C51A24C6E203009F0B4F /* Sources */,
				3E25C51B24C6E203009F0B4F /* Frameworks */,
				3E25C51C24C6E203009F0B4F /* Resources */,
			);
			buildRules = (
			);
			dependencies = (
			);
			name = Navazka2;
			productName = Navazka2;
			productReference = 3E25C51E24C6E203009F0B4F /* Navazka2.app */;
			productType = "com.apple.product-type.application";
		};
/* End PBXNativeTarget section */

/* Begin PBXProject section */
		3E25C51624C6E203009F0B4F /* Project object */ = {
			isa = PBXProject;
			attributes = {
				LastSwiftUpdateCheck = 1160;
				LastUpgradeCheck = 1160;
				ORGANIZATIONNAME = "Andrew Cheberyako";
				TargetAttributes = {
					3E25C51D24C6E203009F0B4F = {
						CreatedOnToolsVersion = 11.6;
					};
				};
			};
			buildConfigurationList = 3E25C51924C6E203009F0B4F /* Build configuration list for PBXProject "Navazka2" */;
			compatibilityVersion = "Xcode 9.3";
			developmentRegion = en;
			hasScannedForEncodings = 0;
			knownRegions = (
				en,
				Base,
			);
			mainGroup = 3E25C51524C6E203009F0B4F;
			productRefGroup = 3E25C51F24C6E203009F0B4F /* Products */;
			projectDirPath = "";
			projectRoot = "";
			targets = (
				3E25C51D24C6E203009F0B4F /* Navazka2 */,
			);
		};
/* End PBXProject section */

/* Begin PBXResourcesBuildPhase section */
		3E25C51C24C6E203009F0B4F /* Resources */ = {
			isa = PBXResourcesBuildPhase;
			buildActionMask = 2147483647;
			files = (
				3E25C52E24C6E205009F0B4F /* LaunchScreen.storyboard in Resources */,
				3E25C52B24C6E205009F0B4F /* Assets.xcassets in Resources */,
				3E25C52924C6E203009F0B4F /* Main.storyboard in Resources */,
			);
			runOnlyForDeploymentPostprocessing = 0;
		};
/* End PBXResourcesBuildPhase section */

/* Begin PBXSourcesBuildPhase section */
		3E25C51A24C6E203009F0B4F /* Sources */ = {
			isa = PBXSourcesBuildPhase;
			buildActionMask = 2147483647;
			files = (
				3E046E0F24CCB8DF00470158 /* CofficientBoard.swift in Sources */,
				3E25C52624C6E203009F0B4F /* ViewController.swift in Sources */,
				3E046E1324CE182500470158 /* CofficientModel.swift in Sources */,
				3E046E0D24CCB36C00470158 /* TwoComponent.swift in Sources */,
				3E25C52224C6E203009F0B4F /* AppDelegate.swift in Sources */,
				3E25C53624C6E82C009F0B4F /* OneComponentViewController.swift in Sources */,
				3E25C52424C6E203009F0B4F /* SceneDelegate.swift in Sources */,
				3E3E77F724D9A5020013E318 /* ResultTwoComponent.swift in Sources */,
			);
			runOnlyForDeploymentPostprocessing = 0;
		};
/* End PBXSourcesBuildPhase section */

/* Begin PBXVariantGroup section */
		3E25C52724C6E203009F0B4F /* Main.storyboard */ = {
			isa = PBXVariantGroup;
			children = (
				3E25C52824C6E203009F0B4F /* Base */,
			);
			name = Main.storyboard;
			sourceTree = "<group>";
		};
		3E25C52C24C6E205009F0B4F /* LaunchScreen.storyboard */ = {
			isa = PBXVariantGroup;
			children = (
				3E25C52D24C6E205009F0B4F /* Base */,
			);
			name = LaunchScreen.storyboard;
			sourceTree = "<group>";
		};
/* End PBXVariantGroup section */

/* Begin XCBuildConfiguration section */
		3E25C53024C6E205009F0B4F /* Debug */ = {
			isa = XCBuildConfiguration;
			buildSettings = {
				ALWAYS_SEARCH_USER_PATHS = NO;
				CLANG_ANALYZER_NONNULL = YES;
				CLANG_ANALYZER_NUMBER_OBJECT_CONVERSION = YES_AGGRESSIVE;
				CLANG_CXX_LANGUAGE_STANDARD = "gnu++14";
				CLANG_CXX_LIBRARY = "libc++";
				CLANG_ENABLE_MODULES = YES;
				CLANG_ENABLE_OBJC_ARC = YES;
				CLANG_ENABLE_OBJC_WEAK = YES;
				CLANG_WARN_BLOCK_CAPTURE_AUTORELEASING = YES;
				CLANG_WARN_BOOL_CONVERSION = YES;
				CLANG_WARN_COMMA = YES;
				CLANG_WARN_CONSTANT_CONVERSION = YES;
				CLANG_WARN_DEPRECATED_OBJC_IMPLEMENTATIONS = YES;
				CLANG_WARN_DIRECT_OBJC_ISA_USAGE = YES_ERROR;
				CLANG_WARN_DOCUMENTATION_COMMENTS = YES;
				CLANG_WARN_EMPTY_BODY = YES;
				CLANG_WARN_ENUM_CONVERSION = YES;
				CLANG_WARN_INFINITE_RECURSION = YES;
				CLANG_WARN_INT_CONVERSION = YES;
				CLANG_WARN_NON_LITERAL_NULL_CONVERSION = YES;
				CLANG_WARN_OBJC_IMPLICIT_RETAIN_SELF = YES;
				CLANG_WARN_OBJC_LITERAL_CONVERSION = YES;
				CLANG_WARN_OBJC_ROOT_CLASS = YES_ERROR;
				CLANG_WARN_RANGE_LOOP_ANALYSIS = YES;
				CLANG_WARN_STRICT_PROTOTYPES = YES;
				CLANG_WARN_SUSPICIOUS_MOVE = YES;
				CLANG_WARN_UNGUARDED_AVAILABILITY = YES_AGGRESSIVE;
				CLANG_WARN_UNREACHABLE_CODE = YES;
				CLANG_WARN__DUPLICATE_METHOD_MATCH = YES;
				COPY_PHASE_STRIP = NO;
				DEBUG_INFORMATION_FORMAT = dwarf;
				ENABLE_STRICT_OBJC_MSGSEND = YES;
				ENABLE_TESTABILITY = YES;
				GCC_C_LANGUAGE_STANDARD = gnu11;
				GCC_DYNAMIC_NO_PIC = NO;
				GCC_NO_COMMON_BLOCKS = YES;
				GCC_OPTIMIZATION_LEVEL = 0;
				GCC_PREPROCESSOR_DEFINITIONS = (
					"DEBUG=1",
					"$(inherited)",
				);
				GCC_WARN_64_TO_32_BIT_CONVERSION = YES;
				GCC_WARN_ABOUT_RETURN_TYPE = YES_ERROR;
				GCC_WARN_UNDECLARED_SELECTOR = YES;
				GCC_WARN_UNINITIALIZED_AUTOS = YES_AGGRESSIVE;
				GCC_WARN_UNUSED_FUNCTION = YES;
				GCC_WARN_UNUSED_VARIABLE = YES;
				IPHONEOS_DEPLOYMENT_TARGET = 13.6;
				MTL_ENABLE_DEBUG_INFO = INCLUDE_SOURCE;
				MTL_FAST_MATH = YES;
				ONLY_ACTIVE_ARCH = YES;
				SDKROOT = iphoneos;
				SWIFT_ACTIVE_COMPILATION_CONDITIONS = DEBUG;
				SWIFT_OPTIMIZATION_LEVEL = "-Onone";
			};
			name = Debug;
		};
		3E25C53124C6E205009F0B4F /* Release */ = {
			isa = XCBuildConfiguration;
			buildSettings = {
				ALWAYS_SEARCH_USER_PATHS = NO;
				CLANG_ANALYZER_NONNULL = YES;
				CLANG_ANALYZER_NUMBER_OBJECT_CONVERSION = YES_AGGRESSIVE;
				CLANG_CXX_LANGUAGE_STANDARD = "gnu++14";
				CLANG_CXX_LIBRARY = "libc++";
				CLANG_ENABLE_MODULES = YES;
				CLANG_ENABLE_OBJC_ARC = YES;
				CLANG_ENABLE_OBJC_WEAK = YES;
				CLANG_WARN_BLOCK_CAPTURE_AUTORELEASING = YES;
				CLANG_WARN_BOOL_CONVERSION = YES;
				CLANG_WARN_COMMA = YES;
				CLANG_WARN_CONSTANT_CONVERSION = YES;
				CLANG_WARN_DEPRECATED_OBJC_IMPLEMENTATIONS = YES;
				CLANG_WARN_DIRECT_OBJC_ISA_USAGE = YES_ERROR;
				CLANG_WARN_DOCUMENTATION_COMMENTS = YES;
				CLANG_WARN_EMPTY_BODY = YES;
				CLANG_WARN_ENUM_CONVERSION = YES;
				CLANG_WARN_INFINITE_RECURSION = YES;
				CLANG_WARN_INT_CONVERSION = YES;
				CLANG_WARN_NON_LITERAL_NULL_CONVERSION = YES;
				CLANG_WARN_OBJC_IMPLICIT_RETAIN_SELF = YES;
				CLANG_WARN_OBJC_LITERAL_CONVERSION = YES;
				CLANG_WARN_OBJC_ROOT_CLASS = YES_ERROR;
				CLANG_WARN_RANGE_LOOP_ANALYSIS = YES;
				CLANG_WARN_STRICT_PROTOTYPES = YES;
				CLANG_WARN_SUSPICIOUS_MOVE = YES;
				CLANG_WARN_UNGUARDED_AVAILABILITY = YES_AGGRESSIVE;
				CLANG_WARN_UNREACHABLE_CODE = YES;
				CLANG_WARN__DUPLICATE_METHOD_MATCH = YES;
				COPY_PHASE_STRIP = NO;
				DEBUG_INFORMATION_FORMAT = "dwarf-with-dsym";
				ENABLE_NS_ASSERTIONS = NO;
				ENABLE_STRICT_OBJC_MSGSEND = YES;
				GCC_C_LANGUAGE_STANDARD = gnu11;
				GCC_NO_COMMON_BLOCKS = YES;
				GCC_WARN_64_TO_32_BIT_CONVERSION = YES;
				GCC_WARN_ABOUT_RETURN_TYPE = YES_ERROR;
				GCC_WARN_UNDECLARED_SELECTOR = YES;
				GCC_WARN_UNINITIALIZED_AUTOS = YES_AGGRESSIVE;
				GCC_WARN_UNUSED_FUNCTION = YES;
				GCC_WARN_UNUSED_VARIABLE = YES;
				IPHONEOS_DEPLOYMENT_TARGET = 13.6;
				MTL_ENABLE_DEBUG_INFO = NO;
				MTL_FAST_MATH = YES;
				SDKROOT = iphoneos;
				SWIFT_COMPILATION_MODE = wholemodule;
				SWIFT_OPTIMIZATION_LEVEL = "-O";
				VALIDATE_PRODUCT = YES;
			};
			name = Release;
		};
		3E25C53324C6E205009F0B4F /* Debug */ = {
			isa = XCBuildConfiguration;
			buildSettings = {
				ASSETCATALOG_COMPILER_APPICON_NAME = AppIcon;
				CODE_SIGN_STYLE = Automatic;
				DEVELOPMENT_TEAM = X6RLZ99668;
				INFOPLIST_FILE = Navazka2/Info.plist;
				LD_RUNPATH_SEARCH_PATHS = (
					"$(inherited)",
					"@executable_path/Frameworks",
				);
				PRODUCT_BUNDLE_IDENTIFIER = anrew.Navazka2;
				PRODUCT_NAME = "$(TARGET_NAME)";
				SWIFT_VERSION = 5.0;
				TARGETED_DEVICE_FAMILY = "1,2";
			};
			name = Debug;
		};
		3E25C53424C6E205009F0B4F /* Release */ = {
			isa = XCBuildConfiguration;
			buildSettings = {
				ASSETCATALOG_COMPILER_APPICON_NAME = AppIcon;
				CODE_SIGN_STYLE = Automatic;
				DEVELOPMENT_TEAM = X6RLZ99668;
				INFOPLIST_FILE = Navazka2/Info.plist;
				LD_RUNPATH_SEARCH_PATHS = (
					"$(inherited)",
					"@executable_path/Frameworks",
				);
				PRODUCT_BUNDLE_IDENTIFIER = anrew.Navazka2;
				PRODUCT_NAME = "$(TARGET_NAME)";
				SWIFT_VERSION = 5.0;
				TARGETED_DEVICE_FAMILY = "1,2";
			};
			name = Release;
		};
/* End XCBuildConfiguration section */

/* Begin XCConfigurationList section */
		3E25C51924C6E203009F0B4F /* Build configuration list for PBXProject "Navazka2" */ = {
			isa = XCConfigurationList;
			buildConfigurations = (
				3E25C53024C6E205009F0B4F /* Debug */,
				3E25C53124C6E205009F0B4F /* Release */,
			);
			defaultConfigurationIsVisible = 0;
			defaultConfigurationName = Release;
		};
		3E25C53224C6E205009F0B4F /* Build configuration list for PBXNativeTarget "Navazka2" */ = {
			isa = XCConfigurationList;
			buildConfigurations = (
				3E25C53324C6E205009F0B4F /* Debug */,
				3E25C53424C6E205009F0B4F /* Release */,
			);
			defaultConfigurationIsVisible = 0;
			defaultConfigurationName = Release;
		};
/* End XCConfigurationList section */
	};
	rootObject = 3E25C51624C6E203009F0B4F /* Project object */;
}
